
Microsoft Visual Studio Solution File, Format Version 12.00
# Visual Studio 2013
VisualStudioVersion = 12.0.21005.1
MinimumVisualStudioVersion = 10.0.40219.1
Project("{FAE04EC0-301F-11D3-BF4B-00C04F79EFBC}") = "Togglity.App", "source\Togglity.App\Togglity.App.csproj", "{FF34B91E-F18E-4A9B-9D82-0BF759FF5FE9}"
EndProject
Project("{FAE04EC0-301F-11D3-BF4B-00C04F79EFBC}") = "Togglity.Server", "source\Togglity.Server\Togglity.Server.csproj", "{42BE05E9-BAF4-4BD7-8EDC-B135C7910BAE}"
EndProject
Project("{FAE04EC0-301F-11D3-BF4B-00C04F79EFBC}") = "Togglity.App.Tests", "source\Togglity.App.Tests\Togglity.App.Tests.csproj", "{2D710593-D690-41CA-B0BB-D9A6F61BFB0D}"
EndProject
Project("{FAE04EC0-301F-11D3-BF4B-00C04F79EFBC}") = "Togglity.Server.Tests", "source\Togglity.Server.Tests\Togglity.Server.Tests.csproj", "{5D9B3FFB-F391-43E0-9923-FC964C9AD8EE}"
EndProject
Global
	GlobalSection(SolutionConfigurationPlatforms) = preSolution
		Debug|Any CPU = Debug|Any CPU
		Release|Any CPU = Release|Any CPU
	EndGlobalSection
	GlobalSection(ProjectConfigurationPlatforms) = postSolution
		{FF34B91E-F18E-4A9B-9D82-0BF759FF5FE9}.Debug|Any CPU.ActiveCfg = Debug|Any CPU
		{FF34B91E-F18E-4A9B-9D82-0BF759FF5FE9}.Debug|Any CPU.Build.0 = Debug|Any CPU
		{FF34B91E-F18E-4A9B-9D82-0BF759FF5FE9}.Release|Any CPU.ActiveCfg = Release|Any CPU
		{FF34B91E-F18E-4A9B-9D82-0BF759FF5FE9}.Release|Any CPU.Build.0 = Release|Any CPU
		{42BE05E9-BAF4-4BD7-8EDC-B135C7910BAE}.Debug|Any CPU.ActiveCfg = Debug|Any CPU
		{42BE05E9-BAF4-4BD7-8EDC-B135C7910BAE}.Debug|Any CPU.Build.0 = Debug|Any CPU
		{42BE05E9-BAF4-4BD7-8EDC-B135C7910BAE}.Release|Any CPU.ActiveCfg = Release|Any CPU
		{42BE05E9-BAF4-4BD7-8EDC-B135C7910BAE}.Release|Any CPU.Build.0 = Release|Any CPU
		{2D710593-D690-41CA-B0BB-D9A6F61BFB0D}.Debug|Any CPU.ActiveCfg = Debug|Any CPU
		{2D710593-D690-41CA-B0BB-D9A6F61BFB0D}.Debug|Any CPU.Build.0 = Debug|Any CPU
		{2D710593-D690-41CA-B0BB-D9A6F61BFB0D}.Release|Any CPU.ActiveCfg = Release|Any CPU
		{2D710593-D690-41CA-B0BB-D9A6F61BFB0D}.Release|Any CPU.Build.0 = Release|Any CPU
		{5D9B3FFB-F391-43E0-9923-FC964C9AD8EE}.Debug|Any CPU.ActiveCfg = Debug|Any CPU
		{5D9B3FFB-F391-43E0-9923-FC964C9AD8EE}.Debug|Any CPU.Build.0 = Debug|Any CPU
		{5D9B3FFB-F391-43E0-9923-FC964C9AD8EE}.Release|Any CPU.ActiveCfg = Release|Any CPU
		{5D9B3FFB-F391-43E0-9923-FC964C9AD8EE}.Release|Any CPU.Build.0 = Release|Any CPU
	EndGlobalSection
	GlobalSection(SolutionProperties) = preSolution
		HideSolutionNode = FALSE
	EndGlobalSection
EndGlobal
