
Microsoft Visual Studio Solution File, Format Version 12.00
# Visual Studio 2013
VisualStudioVersion = 12.0.21005.1
MinimumVisualStudioVersion = 10.0.40219.1
Project("{FAE04EC0-301F-11D3-BF4B-00C04F79EFBC}") = "Togglity", "Togglity\Togglity.csproj", "{2E935878-CA31-450A-8CED-00718C05FCAC}"
EndProject
Project("{FAE04EC0-301F-11D3-BF4B-00C04F79EFBC}") = "UnitTests", "UnitTests\UnitTests.csproj", "{32EA3083-38E6-4129-AEBE-BCAE0A266D4E}"
EndProject
Project("{FAE04EC0-301F-11D3-BF4B-00C04F79EFBC}") = "Togglity.Web", "Togglity.Web\Togglity.Web.csproj", "{3BC3E2A6-965F-415B-8FF0-0380C68F9399}"
EndProject
Project("{FAE04EC0-301F-11D3-BF4B-00C04F79EFBC}") = "Togglity.Api", "Togglity.Api\Togglity.Api.csproj", "{FF34B91E-F18E-4A9B-9D82-0BF759FF5FE9}"
EndProject
Project("{FAE04EC0-301F-11D3-BF4B-00C04F79EFBC}") = "Togglity.Api.Tests", "Togglity.Api.Tests\Togglity.Api.Tests.csproj", "{9D04C3DB-E863-448C-BA1D-15556C6CB401}"
EndProject
Global
	GlobalSection(SolutionConfigurationPlatforms) = preSolution
		Debug|Any CPU = Debug|Any CPU
		Release|Any CPU = Release|Any CPU
	EndGlobalSection
	GlobalSection(ProjectConfigurationPlatforms) = postSolution
		{2E935878-CA31-450A-8CED-00718C05FCAC}.Debug|Any CPU.ActiveCfg = Debug|Any CPU
		{2E935878-CA31-450A-8CED-00718C05FCAC}.Debug|Any CPU.Build.0 = Debug|Any CPU
		{2E935878-CA31-450A-8CED-00718C05FCAC}.Release|Any CPU.ActiveCfg = Release|Any CPU
		{2E935878-CA31-450A-8CED-00718C05FCAC}.Release|Any CPU.Build.0 = Release|Any CPU
		{32EA3083-38E6-4129-AEBE-BCAE0A266D4E}.Debug|Any CPU.ActiveCfg = Debug|Any CPU
		{32EA3083-38E6-4129-AEBE-BCAE0A266D4E}.Debug|Any CPU.Build.0 = Debug|Any CPU
		{32EA3083-38E6-4129-AEBE-BCAE0A266D4E}.Release|Any CPU.ActiveCfg = Release|Any CPU
		{32EA3083-38E6-4129-AEBE-BCAE0A266D4E}.Release|Any CPU.Build.0 = Release|Any CPU
		{3BC3E2A6-965F-415B-8FF0-0380C68F9399}.Debug|Any CPU.ActiveCfg = Debug|Any CPU
		{3BC3E2A6-965F-415B-8FF0-0380C68F9399}.Debug|Any CPU.Build.0 = Debug|Any CPU
		{3BC3E2A6-965F-415B-8FF0-0380C68F9399}.Release|Any CPU.ActiveCfg = Release|Any CPU
		{3BC3E2A6-965F-415B-8FF0-0380C68F9399}.Release|Any CPU.Build.0 = Release|Any CPU
		{FF34B91E-F18E-4A9B-9D82-0BF759FF5FE9}.Debug|Any CPU.ActiveCfg = Debug|Any CPU
		{FF34B91E-F18E-4A9B-9D82-0BF759FF5FE9}.Debug|Any CPU.Build.0 = Debug|Any CPU
		{FF34B91E-F18E-4A9B-9D82-0BF759FF5FE9}.Release|Any CPU.ActiveCfg = Release|Any CPU
		{FF34B91E-F18E-4A9B-9D82-0BF759FF5FE9}.Release|Any CPU.Build.0 = Release|Any CPU
		{9D04C3DB-E863-448C-BA1D-15556C6CB401}.Debug|Any CPU.ActiveCfg = Debug|Any CPU
		{9D04C3DB-E863-448C-BA1D-15556C6CB401}.Debug|Any CPU.Build.0 = Debug|Any CPU
		{9D04C3DB-E863-448C-BA1D-15556C6CB401}.Release|Any CPU.ActiveCfg = Release|Any CPU
		{9D04C3DB-E863-448C-BA1D-15556C6CB401}.Release|Any CPU.Build.0 = Release|Any CPU
	EndGlobalSection
	GlobalSection(SolutionProperties) = preSolution
		HideSolutionNode = FALSE
	EndGlobalSection
EndGlobal
